
Microsoft Visual Studio Solution File, Format Version 12.00
# Visual Studio 14
VisualStudioVersion = 14.0.25420.1
MinimumVisualStudioVersion = 10.0.40219.1
Project("{2150E333-8FDC-42A3-9474-1A3956D46DE8}") = "Source", "Source", "{74283059-31E0-42C4-A742-69E073B8EC1E}"
EndProject
Project("{2150E333-8FDC-42A3-9474-1A3956D46DE8}") = "Tests", "Tests", "{48CEBC6F-F1A2-4984-8A2D-E2935A2186C6}"
EndProject
Project("{2150E333-8FDC-42A3-9474-1A3956D46DE8}") = "Other", "Other", "{323D4614-BEE4-4786-B536-79950DA02193}"
EndProject
Project("{2150E333-8FDC-42A3-9474-1A3956D46DE8}") = "Framework.Data Test Infrastructure", "Framework.Data Test Infrastructure", "{A89F432C-3630-4494-BFCA-337F727B95FB}"
EndProject
Project("{FAE04EC0-301F-11D3-BF4B-00C04F79EFBC}") = "Framework.Data.Tests", "Framework.Data.Tests\Framework.Data.Tests.csproj", "{15C02021-A147-44BE-BD97-429BE246080F}"
EndProject
Project("{FAE04EC0-301F-11D3-BF4B-00C04F79EFBC}") = "Framework.Data.WebIntegration", "Framework.Data.WebIntegration\Framework.Data.WebIntegration.csproj", "{0FD367A5-F618-48E8-9C0A-7ED048E454B4}"
EndProject
Project("{FAE04EC0-301F-11D3-BF4B-00C04F79EFBC}") = "Framework.Data", "Framework.Data\Framework.Data.csproj", "{107A4BAD-DC06-4AD2-AFC1-F1007ABE34AD}"
EndProject
Project("{FAE04EC0-301F-11D3-BF4B-00C04F79EFBC}") = "ChildSupport.Dal", "ChildSupport.Dal\ChildSupport.Dal.csproj", "{C26341F5-E63A-4995-A610-9BD7BB346F6F}"
EndProject
Project("{FAE04EC0-301F-11D3-BF4B-00C04F79EFBC}") = "ChildSupport.DataModel", "ChildSupport.DataModel\ChildSupport.DataModel.csproj", "{F5580422-7AA6-420D-83A9-32937F95F6C2}"
EndProject
Project("{FAE04EC0-301F-11D3-BF4B-00C04F79EFBC}") = "ChildSupport.Domain", "ChildSupport.Domain\ChildSupport.Domain.csproj", "{7FEAEDAD-4973-44CA-BE58-6CFD0A288B7B}"
EndProject
Project("{FAE04EC0-301F-11D3-BF4B-00C04F79EFBC}") = "RepositoriesTest", "RepositoriesTest\RepositoriesTest.csproj", "{8F49C50B-5917-4F90-A98C-04E834CF767E}"
EndProject
Project("{FAE04EC0-301F-11D3-BF4B-00C04F79EFBC}") = "Framework.Data.Validation", "Framework.Data.Validation\Framework.Data.Validation.csproj", "{E75E9B97-4663-4E33-A979-40760D74788E}"
EndProject
Project("{FAE04EC0-301F-11D3-BF4B-00C04F79EFBC}") = "ExternalReferences", "ExternalReferences\ExternalReferences.csproj", "{392835BE-74B9-4ADA-B015-49D3DD3A8119}"
EndProject
Global
	GlobalSection(SolutionConfigurationPlatforms) = preSolution
		Debug|Any CPU = Debug|Any CPU
		DebugWithSiteMinder|Any CPU = DebugWithSiteMinder|Any CPU
		Rel.NoSecurity|Any CPU = Rel.NoSecurity|Any CPU
		Release|Any CPU = Release|Any CPU
		WebHostDebug|Any CPU = WebHostDebug|Any CPU
	EndGlobalSection
	GlobalSection(ProjectConfigurationPlatforms) = postSolution
		{15C02021-A147-44BE-BD97-429BE246080F}.Debug|Any CPU.ActiveCfg = Debug|Any CPU
		{15C02021-A147-44BE-BD97-429BE246080F}.Debug|Any CPU.Build.0 = Debug|Any CPU
		{15C02021-A147-44BE-BD97-429BE246080F}.DebugWithSiteMinder|Any CPU.ActiveCfg = Debug|Any CPU
		{15C02021-A147-44BE-BD97-429BE246080F}.DebugWithSiteMinder|Any CPU.Build.0 = Debug|Any CPU
		{15C02021-A147-44BE-BD97-429BE246080F}.Rel.NoSecurity|Any CPU.ActiveCfg = Release|Any CPU
		{15C02021-A147-44BE-BD97-429BE246080F}.Rel.NoSecurity|Any CPU.Build.0 = Release|Any CPU
		{15C02021-A147-44BE-BD97-429BE246080F}.Release|Any CPU.ActiveCfg = Release|Any CPU
		{15C02021-A147-44BE-BD97-429BE246080F}.WebHostDebug|Any CPU.ActiveCfg = Debug|Any CPU
		{15C02021-A147-44BE-BD97-429BE246080F}.WebHostDebug|Any CPU.Build.0 = Debug|Any CPU
		{0FD367A5-F618-48E8-9C0A-7ED048E454B4}.Debug|Any CPU.ActiveCfg = Debug|Any CPU
		{0FD367A5-F618-48E8-9C0A-7ED048E454B4}.Debug|Any CPU.Build.0 = Debug|Any CPU
		{0FD367A5-F618-48E8-9C0A-7ED048E454B4}.DebugWithSiteMinder|Any CPU.ActiveCfg = Debug|Any CPU
		{0FD367A5-F618-48E8-9C0A-7ED048E454B4}.DebugWithSiteMinder|Any CPU.Build.0 = Debug|Any CPU
		{0FD367A5-F618-48E8-9C0A-7ED048E454B4}.Rel.NoSecurity|Any CPU.ActiveCfg = Release|Any CPU
		{0FD367A5-F618-48E8-9C0A-7ED048E454B4}.Rel.NoSecurity|Any CPU.Build.0 = Release|Any CPU
		{0FD367A5-F618-48E8-9C0A-7ED048E454B4}.Release|Any CPU.ActiveCfg = Release|Any CPU
		{0FD367A5-F618-48E8-9C0A-7ED048E454B4}.Release|Any CPU.Build.0 = Release|Any CPU
		{0FD367A5-F618-48E8-9C0A-7ED048E454B4}.WebHostDebug|Any CPU.ActiveCfg = Debug|Any CPU
		{0FD367A5-F618-48E8-9C0A-7ED048E454B4}.WebHostDebug|Any CPU.Build.0 = Debug|Any CPU
		{107A4BAD-DC06-4AD2-AFC1-F1007ABE34AD}.Debug|Any CPU.ActiveCfg = Debug|Any CPU
		{107A4BAD-DC06-4AD2-AFC1-F1007ABE34AD}.Debug|Any CPU.Build.0 = Debug|Any CPU
		{107A4BAD-DC06-4AD2-AFC1-F1007ABE34AD}.DebugWithSiteMinder|Any CPU.ActiveCfg = Debug|Any CPU
		{107A4BAD-DC06-4AD2-AFC1-F1007ABE34AD}.DebugWithSiteMinder|Any CPU.Build.0 = Debug|Any CPU
		{107A4BAD-DC06-4AD2-AFC1-F1007ABE34AD}.Rel.NoSecurity|Any CPU.ActiveCfg = Release|Any CPU
		{107A4BAD-DC06-4AD2-AFC1-F1007ABE34AD}.Rel.NoSecurity|Any CPU.Build.0 = Release|Any CPU
		{107A4BAD-DC06-4AD2-AFC1-F1007ABE34AD}.Release|Any CPU.ActiveCfg = Release|Any CPU
		{107A4BAD-DC06-4AD2-AFC1-F1007ABE34AD}.Release|Any CPU.Build.0 = Release|Any CPU
		{107A4BAD-DC06-4AD2-AFC1-F1007ABE34AD}.WebHostDebug|Any CPU.ActiveCfg = Debug|Any CPU
		{107A4BAD-DC06-4AD2-AFC1-F1007ABE34AD}.WebHostDebug|Any CPU.Build.0 = Debug|Any CPU
		{C26341F5-E63A-4995-A610-9BD7BB346F6F}.Debug|Any CPU.ActiveCfg = Debug|Any CPU
		{C26341F5-E63A-4995-A610-9BD7BB346F6F}.Debug|Any CPU.Build.0 = Debug|Any CPU
		{C26341F5-E63A-4995-A610-9BD7BB346F6F}.DebugWithSiteMinder|Any CPU.ActiveCfg = Debug|Any CPU
		{C26341F5-E63A-4995-A610-9BD7BB346F6F}.DebugWithSiteMinder|Any CPU.Build.0 = Debug|Any CPU
		{C26341F5-E63A-4995-A610-9BD7BB346F6F}.Rel.NoSecurity|Any CPU.ActiveCfg = Release|Any CPU
		{C26341F5-E63A-4995-A610-9BD7BB346F6F}.Rel.NoSecurity|Any CPU.Build.0 = Release|Any CPU
		{C26341F5-E63A-4995-A610-9BD7BB346F6F}.Release|Any CPU.ActiveCfg = Release|Any CPU
		{C26341F5-E63A-4995-A610-9BD7BB346F6F}.WebHostDebug|Any CPU.ActiveCfg = Debug|Any CPU
		{C26341F5-E63A-4995-A610-9BD7BB346F6F}.WebHostDebug|Any CPU.Build.0 = Debug|Any CPU
		{F5580422-7AA6-420D-83A9-32937F95F6C2}.Debug|Any CPU.ActiveCfg = Debug|Any CPU
		{F5580422-7AA6-420D-83A9-32937F95F6C2}.Debug|Any CPU.Build.0 = Debug|Any CPU
		{F5580422-7AA6-420D-83A9-32937F95F6C2}.DebugWithSiteMinder|Any CPU.ActiveCfg = Debug|Any CPU
		{F5580422-7AA6-420D-83A9-32937F95F6C2}.DebugWithSiteMinder|Any CPU.Build.0 = Debug|Any CPU
		{F5580422-7AA6-420D-83A9-32937F95F6C2}.Rel.NoSecurity|Any CPU.ActiveCfg = Release|Any CPU
		{F5580422-7AA6-420D-83A9-32937F95F6C2}.Rel.NoSecurity|Any CPU.Build.0 = Release|Any CPU
		{F5580422-7AA6-420D-83A9-32937F95F6C2}.Release|Any CPU.ActiveCfg = Release|Any CPU
		{F5580422-7AA6-420D-83A9-32937F95F6C2}.WebHostDebug|Any CPU.ActiveCfg = Debug|Any CPU
		{F5580422-7AA6-420D-83A9-32937F95F6C2}.WebHostDebug|Any CPU.Build.0 = Debug|Any CPU
		{7FEAEDAD-4973-44CA-BE58-6CFD0A288B7B}.Debug|Any CPU.ActiveCfg = Debug|Any CPU
		{7FEAEDAD-4973-44CA-BE58-6CFD0A288B7B}.Debug|Any CPU.Build.0 = Debug|Any CPU
		{7FEAEDAD-4973-44CA-BE58-6CFD0A288B7B}.DebugWithSiteMinder|Any CPU.ActiveCfg = Debug|Any CPU
		{7FEAEDAD-4973-44CA-BE58-6CFD0A288B7B}.DebugWithSiteMinder|Any CPU.Build.0 = Debug|Any CPU
		{7FEAEDAD-4973-44CA-BE58-6CFD0A288B7B}.Rel.NoSecurity|Any CPU.ActiveCfg = Release|Any CPU
		{7FEAEDAD-4973-44CA-BE58-6CFD0A288B7B}.Rel.NoSecurity|Any CPU.Build.0 = Release|Any CPU
		{7FEAEDAD-4973-44CA-BE58-6CFD0A288B7B}.Release|Any CPU.ActiveCfg = Release|Any CPU
		{7FEAEDAD-4973-44CA-BE58-6CFD0A288B7B}.WebHostDebug|Any CPU.ActiveCfg = Debug|Any CPU
		{7FEAEDAD-4973-44CA-BE58-6CFD0A288B7B}.WebHostDebug|Any CPU.Build.0 = Debug|Any CPU
		{8F49C50B-5917-4F90-A98C-04E834CF767E}.Debug|Any CPU.ActiveCfg = Debug|Any CPU
		{8F49C50B-5917-4F90-A98C-04E834CF767E}.Debug|Any CPU.Build.0 = Debug|Any CPU
		{8F49C50B-5917-4F90-A98C-04E834CF767E}.DebugWithSiteMinder|Any CPU.ActiveCfg = Debug|Any CPU
		{8F49C50B-5917-4F90-A98C-04E834CF767E}.DebugWithSiteMinder|Any CPU.Build.0 = Debug|Any CPU
		{8F49C50B-5917-4F90-A98C-04E834CF767E}.Rel.NoSecurity|Any CPU.ActiveCfg = Release|Any CPU
		{8F49C50B-5917-4F90-A98C-04E834CF767E}.Rel.NoSecurity|Any CPU.Build.0 = Release|Any CPU
		{8F49C50B-5917-4F90-A98C-04E834CF767E}.Release|Any CPU.ActiveCfg = Release|Any CPU
		{8F49C50B-5917-4F90-A98C-04E834CF767E}.WebHostDebug|Any CPU.ActiveCfg = Debug|Any CPU
		{8F49C50B-5917-4F90-A98C-04E834CF767E}.WebHostDebug|Any CPU.Build.0 = Debug|Any CPU
		{E75E9B97-4663-4E33-A979-40760D74788E}.Debug|Any CPU.ActiveCfg = Debug|Any CPU
		{E75E9B97-4663-4E33-A979-40760D74788E}.Debug|Any CPU.Build.0 = Debug|Any CPU
		{E75E9B97-4663-4E33-A979-40760D74788E}.DebugWithSiteMinder|Any CPU.ActiveCfg = Debug|Any CPU
		{E75E9B97-4663-4E33-A979-40760D74788E}.DebugWithSiteMinder|Any CPU.Build.0 = Debug|Any CPU
		{E75E9B97-4663-4E33-A979-40760D74788E}.Rel.NoSecurity|Any CPU.ActiveCfg = Release|Any CPU
		{E75E9B97-4663-4E33-A979-40760D74788E}.Rel.NoSecurity|Any CPU.Build.0 = Release|Any CPU
		{E75E9B97-4663-4E33-A979-40760D74788E}.Release|Any CPU.ActiveCfg = Release|Any CPU
		{E75E9B97-4663-4E33-A979-40760D74788E}.Release|Any CPU.Build.0 = Release|Any CPU
		{E75E9B97-4663-4E33-A979-40760D74788E}.WebHostDebug|Any CPU.ActiveCfg = Debug|Any CPU
		{E75E9B97-4663-4E33-A979-40760D74788E}.WebHostDebug|Any CPU.Build.0 = Debug|Any CPU
		{392835BE-74B9-4ADA-B015-49D3DD3A8119}.Debug|Any CPU.ActiveCfg = Debug|Any CPU
		{392835BE-74B9-4ADA-B015-49D3DD3A8119}.Debug|Any CPU.Build.0 = Debug|Any CPU
		{392835BE-74B9-4ADA-B015-49D3DD3A8119}.DebugWithSiteMinder|Any CPU.ActiveCfg = Debug|Any CPU
		{392835BE-74B9-4ADA-B015-49D3DD3A8119}.DebugWithSiteMinder|Any CPU.Build.0 = Debug|Any CPU
		{392835BE-74B9-4ADA-B015-49D3DD3A8119}.Rel.NoSecurity|Any CPU.ActiveCfg = Release|Any CPU
		{392835BE-74B9-4ADA-B015-49D3DD3A8119}.Rel.NoSecurity|Any CPU.Build.0 = Release|Any CPU
		{392835BE-74B9-4ADA-B015-49D3DD3A8119}.Release|Any CPU.ActiveCfg = Release|Any CPU
		{392835BE-74B9-4ADA-B015-49D3DD3A8119}.Release|Any CPU.Build.0 = Release|Any CPU
		{392835BE-74B9-4ADA-B015-49D3DD3A8119}.WebHostDebug|Any CPU.ActiveCfg = Debug|Any CPU
		{392835BE-74B9-4ADA-B015-49D3DD3A8119}.WebHostDebug|Any CPU.Build.0 = Debug|Any CPU
	EndGlobalSection
	GlobalSection(SolutionProperties) = preSolution
		HideSolutionNode = FALSE
	EndGlobalSection
	GlobalSection(NestedProjects) = preSolution
		{A89F432C-3630-4494-BFCA-337F727B95FB} = {48CEBC6F-F1A2-4984-8A2D-E2935A2186C6}
		{15C02021-A147-44BE-BD97-429BE246080F} = {48CEBC6F-F1A2-4984-8A2D-E2935A2186C6}
		{0FD367A5-F618-48E8-9C0A-7ED048E454B4} = {74283059-31E0-42C4-A742-69E073B8EC1E}
		{107A4BAD-DC06-4AD2-AFC1-F1007ABE34AD} = {74283059-31E0-42C4-A742-69E073B8EC1E}
		{C26341F5-E63A-4995-A610-9BD7BB346F6F} = {A89F432C-3630-4494-BFCA-337F727B95FB}
		{F5580422-7AA6-420D-83A9-32937F95F6C2} = {A89F432C-3630-4494-BFCA-337F727B95FB}
		{7FEAEDAD-4973-44CA-BE58-6CFD0A288B7B} = {A89F432C-3630-4494-BFCA-337F727B95FB}
		{8F49C50B-5917-4F90-A98C-04E834CF767E} = {A89F432C-3630-4494-BFCA-337F727B95FB}
		{E75E9B97-4663-4E33-A979-40760D74788E} = {74283059-31E0-42C4-A742-69E073B8EC1E}
		{392835BE-74B9-4ADA-B015-49D3DD3A8119} = {323D4614-BEE4-4786-B536-79950DA02193}
	EndGlobalSection
	GlobalSection(TeamFoundationVersionControl) = preSolution
		SccNumberOfProjects = 37
		SccEnterpriseProvider = {4CA58AB2-18FA-4F8D-95D4-32DDF27D184C}		
		SccLocalPath0 = .
		SccProjectUniqueName1 = ..\\..\\Bin\\ExternalReferences.csproj
		SccProjectTopLevelParentUniqueName1 = Framework.sln
		SccProjectName1 = ../../Bin
		SccLocalPath1 = ..\\..\\Bin
		SccProjectUniqueName2 = Framework.ConfigurationManagement\\Framework.ConfigurationManagement.csproj
		SccProjectTopLevelParentUniqueName2 = Framework.sln
		SccProjectName2 = Framework.ConfigurationManagement
		SccLocalPath2 = Framework.ConfigurationManagement
		SccProjectUniqueName3 = EnterpriseServices.Stub\\EnterpriseServices.Stub.csproj
		SccProjectTopLevelParentUniqueName3 = Framework.sln
		SccProjectName3 = EnterpriseServices.Stub
		SccLocalPath3 = EnterpriseServices.Stub
		SccProjectUniqueName4 = Framework\\Framework.csproj
		SccProjectTopLevelParentUniqueName4 = Framework.sln
		SccProjectName4 = Framework
		SccLocalPath4 = Framework
		SccProjectUniqueName5 = Framework.Tests\\Framework.Tests.csproj
		SccProjectTopLevelParentUniqueName5 = Framework.sln
		SccProjectName5 = Framework.Tests
		SccLocalPath5 = Framework.Tests
		SccProjectUniqueName6 = ExternalTestTranslators\\ExternalTestTranslators.csproj
		SccProjectTopLevelParentUniqueName6 = Framework.sln
		SccProjectName6 = ExternalTestTranslators
		SccLocalPath6 = ExternalTestTranslators
		SccProjectUniqueName7 = ExternalTestSupport\\ExternalTestSupport.csproj
		SccProjectTopLevelParentUniqueName7 = Framework.sln
		SccProjectName7 = ExternalTestSupport
		SccLocalPath7 = ExternalTestSupport
		SccProjectUniqueName8 = Framework.Messaging\\Framework.Messaging.csproj
		SccProjectTopLevelParentUniqueName8 = Framework.sln
		SccProjectName8 = Framework.Messaging
		SccLocalPath8 = Framework.Messaging
		SccProjectUniqueName9 = Framework.Messaging.Tests\\Framework.Messaging.Tests.csproj
		SccProjectTopLevelParentUniqueName9 = Framework.sln
		SccProjectName9 = Framework.Messaging.Tests
		SccLocalPath9 = Framework.Messaging.Tests
		SccProjectUniqueName10 = Framework.ServiceModel\\Framework.ServiceModel.csproj
		SccProjectTopLevelParentUniqueName10 = Framework.sln
		SccProjectName10 = Framework.ServiceModel
		SccLocalPath10 = Framework.ServiceModel
		SccProjectUniqueName11 = Framework.ServiceModel.Tests\\Framework.ServiceModel.Tests.csproj
		SccProjectTopLevelParentUniqueName11 = Framework.sln
		SccProjectName11 = Framework.ServiceModel.Tests
		SccLocalPath11 = Framework.ServiceModel.Tests
		SccProjectUniqueName12 = Framework.Management.Instrumentation\\Framework.Management.Instrumentation.csproj
		SccProjectTopLevelParentUniqueName12 = Framework.sln
		SccProjectName12 = Framework.Management.Instrumentation
		SccLocalPath12 = Framework.Management.Instrumentation
		SccProjectUniqueName13 = Framework.Management.Instrumentation.Tests\\Framework.Management.Instrumentation.Tests.csproj
		SccProjectTopLevelParentUniqueName13 = Framework.sln
		SccProjectName13 = Framework.Management.Instrumentation.Tests
		SccLocalPath13 = Framework.Management.Instrumentation.Tests
		SccProjectUniqueName14 = Framework.Validation\\Framework.Validation.csproj
		SccProjectTopLevelParentUniqueName14 = Framework.sln
		SccProjectName14 = Framework.Validation
		SccLocalPath14 = Framework.Validation
		SccProjectUniqueName15 = Framework.Validation.Tests\\Framework.Validation.Tests.csproj
		SccProjectTopLevelParentUniqueName15 = Framework.sln
		SccProjectName15 = Framework.Validation.Tests
		SccLocalPath15 = Framework.Validation.Tests
		SccProjectUniqueName16 = Framework.EnterpriseServices\\Framework.EnterpriseServices.csproj
		SccProjectTopLevelParentUniqueName16 = Framework.sln
		SccProjectName16 = Framework.EnterpriseServices
		SccLocalPath16 = Framework.EnterpriseServices
		SccProjectUniqueName17 = Framework.ServiceModel.Messaging\\Framework.ServiceModel.MsmqIntegration.csproj
		SccProjectTopLevelParentUniqueName17 = Framework.sln
		SccProjectName17 = Framework.ServiceModel.Messaging
		SccLocalPath17 = Framework.ServiceModel.Messaging
		SccProjectUniqueName18 = Framework.Data.Tests\\Framework.Data.Tests.csproj
		SccProjectTopLevelParentUniqueName18 = Framework.sln
		SccProjectName18 = Framework.Data.Tests
		SccLocalPath18 = Framework.Data.Tests
		SccProjectUniqueName19 = Framework.Data.WebIntegration\\Framework.Data.WebIntegration.csproj
		SccProjectTopLevelParentUniqueName19 = Framework.sln
		SccProjectName19 = Framework.Data.WebIntegration
		SccLocalPath19 = Framework.Data.WebIntegration
		SccProjectUniqueName20 = Framework.Data\\Framework.Data.csproj
		SccProjectTopLevelParentUniqueName20 = Framework.sln
		SccProjectName20 = Framework.Data
		SccLocalPath20 = Framework.Data
		SccProjectUniqueName21 = ChildSupport.Dal\\ChildSupport.Dal.csproj
		SccProjectTopLevelParentUniqueName21 = Framework.sln
		SccProjectName21 = ChildSupport.Dal
		SccLocalPath21 = ChildSupport.Dal
		SccProjectUniqueName22 = ChildSupport.DataModel\\ChildSupport.DataModel.csproj
		SccProjectTopLevelParentUniqueName22 = Framework.sln
		SccProjectName22 = ChildSupport.DataModel
		SccLocalPath22 = ChildSupport.DataModel
		SccProjectUniqueName23 = ChildSupport.Domain\\ChildSupport.Domain.csproj
		SccProjectTopLevelParentUniqueName23 = Framework.sln
		SccProjectName23 = ChildSupport.Domain
		SccLocalPath23 = ChildSupport.Domain
		SccProjectUniqueName24 = RepositoriesTest\\RepositoriesTest.csproj
		SccProjectTopLevelParentUniqueName24 = Framework.sln
		SccProjectName24 = RepositoriesTest
		SccLocalPath24 = RepositoriesTest
		SccProjectUniqueName25 = Framework.Security.Authorization\\Framework.Security.Authorization.csproj
		SccProjectTopLevelParentUniqueName25 = Framework.sln
		SccProjectName25 = Framework.Security.Authorization
		SccLocalPath25 = Framework.Security.Authorization
		SccProjectUniqueName26 = Framework.Security.AuthorizationControls\\Framework.Security.AuthorizationControls.csproj
		SccProjectTopLevelParentUniqueName26 = Framework.sln
		SccProjectName26 = Framework.Security.AuthorizationControls
		SccLocalPath26 = Framework.Security.AuthorizationControls
		SccProjectUniqueName27 = FGA.UnitTests\\FGA.UnitTests.csproj
		SccProjectTopLevelParentUniqueName27 = Framework.sln
		SccProjectName27 = FGA.UnitTests
		SccLocalPath27 = FGA.UnitTests
		SccProjectUniqueName28 = Framework.Data.WebIntegration.Tests\\Framework.Data.WebIntegration.Tests.csproj
		SccProjectTopLevelParentUniqueName28 = Framework.sln
		SccProjectName28 = Framework.Data.WebIntegration.Tests
		SccLocalPath28 = Framework.Data.WebIntegration.Tests
		SccProjectUniqueName29 = Framework.Security.WebSsoSimulator\\Framework.Security.WebSsoSimulator.csproj
		SccProjectTopLevelParentUniqueName29 = Framework.sln
		SccProjectName29 = Framework.Security.WebSsoSimulator
		SccLocalPath29 = Framework.Security.WebSsoSimulator
		SccProjectUniqueName30 = Framework.Security.WebSsoSimulator.Tests\\Framework.Security.WebSsoSimulator.Tests.csproj
		SccProjectTopLevelParentUniqueName30 = Framework.sln
		SccProjectName30 = Framework.Security.WebSsoSimulator.Tests
		SccLocalPath30 = Framework.Security.WebSsoSimulator.Tests
		SccProjectUniqueName31 = Framework.Data.Validation\\Framework.Data.Validation.csproj
		SccProjectTopLevelParentUniqueName31 = Framework.sln
		SccProjectName31 = Framework.Data.Validation
		SccLocalPath31 = Framework.Data.Validation
		SccProjectUniqueName32 = Framework.Navigation\\Framework.Navigation.csproj
		SccProjectTopLevelParentUniqueName32 = Framework.sln
		SccProjectName32 = Framework.Navigation
		SccLocalPath32 = Framework.Navigation
		SccProjectUniqueName33 = Framework.Cache\\Framework.Cache.csproj
		SccProjectTopLevelParentUniqueName33 = Framework.sln
		SccProjectName33 = Framework.Cache
		SccLocalPath33 = Framework.Cache
		SccProjectUniqueName34 = Ods.Dal\\Ods.Dal.csproj
		SccProjectTopLevelParentUniqueName34 = Framework.sln
		SccProjectName34 = Ods.Dal
		SccLocalPath34 = Ods.Dal
		SccProjectUniqueName35 = Ods.DataModel\\Ods.DataModel.csproj
		SccProjectTopLevelParentUniqueName35 = Framework.sln
		SccProjectName35 = Ods.DataModel
		SccLocalPath35 = Ods.DataModel
		SccProjectUniqueName36 = Ods.Domain\\Ods.Domain.csproj
		SccProjectTopLevelParentUniqueName36 = Framework.sln
		SccProjectName36 = Ods.Domain
		SccLocalPath36 = Ods.Domain
	EndGlobalSection
	GlobalSection(TestCaseManagementSettings) = postSolution
		CategoryFile = Framework.vsmdi
	EndGlobalSection
EndGlobal
